// !$*UTF8*$!
{
	archiveVersion = 1;
	classes = {
	};
	objectVersion = 46;
	objects = {

/* Begin PBXBuildFile section */
		C174C9771B82182B00694C9B /* main.m in Sources */ = {isa = PBXBuildFile; fileRef = C174C9761B82182B00694C9B /* main.m */; };
		C174C97A1B82182B00694C9B /* AppDelegate.m in Sources */ = {isa = PBXBuildFile; fileRef = C174C9791B82182B00694C9B /* AppDelegate.m */; };
		C174C97D1B82182B00694C9B /* ViewController.m in Sources */ = {isa = PBXBuildFile; fileRef = C174C97C1B82182B00694C9B /* ViewController.m */; };
		C174C9801B82182B00694C9B /* Main.storyboard in Resources */ = {isa = PBXBuildFile; fileRef = C174C97E1B82182B00694C9B /* Main.storyboard */; };
		C174C9821B82182B00694C9B /* Images.xcassets in Resources */ = {isa = PBXBuildFile; fileRef = C174C9811B82182B00694C9B /* Images.xcassets */; };
		C174C9851B82182B00694C9B /* LaunchScreen.xib in Resources */ = {isa = PBXBuildFile; fileRef = C174C9831B82182B00694C9B /* LaunchScreen.xib */; };
		C174C9911B82182C00694C9B /* LandlordToolsTests.m in Sources */ = {isa = PBXBuildFile; fileRef = C174C9901B82182C00694C9B /* LandlordToolsTests.m */; };
/* End PBXBuildFile section */

/* Begin PBXContainerItemProxy section */
		C174C98B1B82182C00694C9B /* PBXContainerItemProxy */ = {
			isa = PBXContainerItemProxy;
			containerPortal = C174C9691B82182B00694C9B /* Project object */;
			proxyType = 1;
			remoteGlobalIDString = C174C9701B82182B00694C9B;
			remoteInfo = LandlordTools;
		};
/* End PBXContainerItemProxy section */

/* Begin PBXFileReference section */
		C174C9711B82182B00694C9B /* LandlordTools.app */ = {isa = PBXFileReference; explicitFileType = wrapper.application; includeInIndex = 0; path = LandlordTools.app; sourceTree = BUILT_PRODUCTS_DIR; };
		C174C9751B82182B00694C9B /* Info.plist */ = {isa = PBXFileReference; lastKnownFileType = text.plist.xml; path = Info.plist; sourceTree = "<group>"; };
		C174C9761B82182B00694C9B /* main.m */ = {isa = PBXFileReference; lastKnownFileType = sourcecode.c.objc; path = main.m; sourceTree = "<group>"; };
		C174C9781B82182B00694C9B /* AppDelegate.h */ = {isa = PBXFileReference; lastKnownFileType = sourcecode.c.h; path = AppDelegate.h; sourceTree = "<group>"; };
		C174C9791B82182B00694C9B /* AppDelegate.m */ = {isa = PBXFileReference; lastKnownFileType = sourcecode.c.objc; path = AppDelegate.m; sourceTree = "<group>"; };
		C174C97B1B82182B00694C9B /* ViewController.h */ = {isa = PBXFileReference; lastKnownFileType = sourcecode.c.h; path = ViewController.h; sourceTree = "<group>"; };
		C174C97C1B82182B00694C9B /* ViewController.m */ = {isa = PBXFileReference; lastKnownFileType = sourcecode.c.objc; path = ViewController.m; sourceTree = "<group>"; };
		C174C97F1B82182B00694C9B /* Base */ = {isa = PBXFileReference; lastKnownFileType = file.storyboard; name = Base; path = Base.lproj/Main.storyboard; sourceTree = "<group>"; };
		C174C9811B82182B00694C9B /* Images.xcassets */ = {isa = PBXFileReference; lastKnownFileType = folder.assetcatalog; path = Images.xcassets; sourceTree = "<group>"; };
		C174C9841B82182B00694C9B /* Base */ = {isa = PBXFileReference; lastKnownFileType = file.xib; name = Base; path = Base.lproj/LaunchScreen.xib; sourceTree = "<group>"; };
		C174C98A1B82182C00694C9B /* LandlordToolsTests.xctest */ = {isa = PBXFileReference; explicitFileType = wrapper.cfbundle; includeInIndex = 0; path = LandlordToolsTests.xctest; sourceTree = BUILT_PRODUCTS_DIR; };
		C174C98F1B82182C00694C9B /* Info.plist */ = {isa = PBXFileReference; lastKnownFileType = text.plist.xml; path = Info.plist; sourceTree = "<group>"; };
		C174C9901B82182C00694C9B /* LandlordToolsTests.m */ = {isa = PBXFileReference; lastKnownFileType = sourcecode.c.objc; path = LandlordToolsTests.m; sourceTree = "<group>"; };
/* End PBXFileReference section */

/* Begin PBXFrameworksBuildPhase section */
		C174C96E1B82182B00694C9B /* Frameworks */ = {
			isa = PBXFrameworksBuildPhase;
			buildActionMask = 2147483647;
			files = (
			);
			runOnlyForDeploymentPostprocessing = 0;
		};
		C174C9871B82182C00694C9B /* Frameworks */ = {
			isa = PBXFrameworksBuildPhase;
			buildActionMask = 2147483647;
			files = (
			);
			runOnlyForDeploymentPostprocessing = 0;
		};
/* End PBXFrameworksBuildPhase section */

/* Begin PBXGroup section */
		C174C9681B82182B00694C9B = {
			isa = PBXGroup;
			children = (
				C174C9731B82182B00694C9B /* LandlordTools */,
				C174C98D1B82182C00694C9B /* LandlordToolsTests */,
				C174C9721B82182B00694C9B /* Products */,
			);
			sourceTree = "<group>";
		};
		C174C9721B82182B00694C9B /* Products */ = {
			isa = PBXGroup;
			children = (
				C174C9711B82182B00694C9B /* LandlordTools.app */,
				C174C98A1B82182C00694C9B /* LandlordToolsTests.xctest */,
			);
			name = Products;
			sourceTree = "<group>";
		};
		C174C9731B82182B00694C9B /* LandlordTools */ = {
			isa = PBXGroup;
			children = (
				C174C9781B82182B00694C9B /* AppDelegate.h */,
				C174C9791B82182B00694C9B /* AppDelegate.m */,
				C174C97B1B82182B00694C9B /* ViewController.h */,
				C174C97C1B82182B00694C9B /* ViewController.m */,
				C174C97E1B82182B00694C9B /* Main.storyboard */,
				C174C9811B82182B00694C9B /* Images.xcassets */,
				C174C9831B82182B00694C9B /* LaunchScreen.xib */,
				C174C9741B82182B00694C9B /* Supporting Files */,
			);
			path = LandlordTools;
			sourceTree = "<group>";
		};
		C174C9741B82182B00694C9B /* Supporting Files */ = {
			isa = PBXGroup;
			children = (
				C174C9751B82182B00694C9B /* Info.plist */,
				C174C9761B82182B00694C9B /* main.m */,
			);
			name = "Supporting Files";
			sourceTree = "<group>";
		};
		C174C98D1B82182C00694C9B /* LandlordToolsTests */ = {
			isa = PBXGroup;
			children = (
				C174C9901B82182C00694C9B /* LandlordToolsTests.m */,
				C174C98E1B82182C00694C9B /* Supporting Files */,
			);
			path = LandlordToolsTests;
			sourceTree = "<group>";
		};
		C174C98E1B82182C00694C9B /* Supporting Files */ = {
			isa = PBXGroup;
			children = (
				C174C98F1B82182C00694C9B /* Info.plist */,
			);
			name = "Supporting Files";
			sourceTree = "<group>";
		};
/* End PBXGroup section */

/* Begin PBXNativeTarget section */
		C174C9701B82182B00694C9B /* LandlordTools */ = {
			isa = PBXNativeTarget;
			buildConfigurationList = C174C9941B82182C00694C9B /* Build configuration list for PBXNativeTarget "LandlordTools" */;
			buildPhases = (
				C174C96D1B82182B00694C9B /* Sources */,
				C174C96E1B82182B00694C9B /* Frameworks */,
				C174C96F1B82182B00694C9B /* Resources */,
			);
			buildRules = (
			);
			dependencies = (
			);
			name = LandlordTools;
			productName = LandlordTools;
			productReference = C174C9711B82182B00694C9B /* LandlordTools.app */;
			productType = "com.apple.product-type.application";
		};
		C174C9891B82182C00694C9B /* LandlordToolsTests */ = {
			isa = PBXNativeTarget;
			buildConfigurationList = C174C9971B82182C00694C9B /* Build configuration list for PBXNativeTarget "LandlordToolsTests" */;
			buildPhases = (
				C174C9861B82182C00694C9B /* Sources */,
				C174C9871B82182C00694C9B /* Frameworks */,
				C174C9881B82182C00694C9B /* Resources */,
			);
			buildRules = (
			);
			dependencies = (
				C174C98C1B82182C00694C9B /* PBXTargetDependency */,
			);
			name = LandlordToolsTests;
			productName = LandlordToolsTests;
			productReference = C174C98A1B82182C00694C9B /* LandlordToolsTests.xctest */;
			productType = "com.apple.product-type.bundle.unit-test";
		};
/* End PBXNativeTarget section */

/* Begin PBXProject section */
		C174C9691B82182B00694C9B /* Project object */ = {
			isa = PBXProject;
			attributes = {
				LastUpgradeCheck = 0640;
				ORGANIZATIONNAME = yangyong;
				TargetAttributes = {
					C174C9701B82182B00694C9B = {
						CreatedOnToolsVersion = 6.4;
					};
					C174C9891B82182C00694C9B = {
						CreatedOnToolsVersion = 6.4;
						TestTargetID = C174C9701B82182B00694C9B;
					};
				};
			};
			buildConfigurationList = C174C96C1B82182B00694C9B /* Build configuration list for PBXProject "LandlordTools" */;
			compatibilityVersion = "Xcode 3.2";
			developmentRegion = English;
			hasScannedForEncodings = 0;
			knownRegions = (
				en,
				Base,
			);
			mainGroup = C174C9681B82182B00694C9B;
			productRefGroup = C174C9721B82182B00694C9B /* Products */;
			projectDirPath = "";
			projectRoot = "";
			targets = (
				C174C9701B82182B00694C9B /* LandlordTools */,
				C174C9891B82182C00694C9B /* LandlordToolsTests */,
			);
		};
/* End PBXProject section */

/* Begin PBXResourcesBuildPhase section */
		C174C96F1B82182B00694C9B /* Resources */ = {
			isa = PBXResourcesBuildPhase;
			buildActionMask = 2147483647;
			files = (
				C174C9801B82182B00694C9B /* Main.storyboard in Resources */,
				C174C9851B82182B00694C9B /* LaunchScreen.xib in Resources */,
				C174C9821B82182B00694C9B /* Images.xcassets in Resources */,
			);
			runOnlyForDeploymentPostprocessing = 0;
		};
		C174C9881B82182C00694C9B /* Resources */ = {
			isa = PBXResourcesBuildPhase;
			buildActionMask = 2147483647;
			files = (
			);
			runOnlyForDeploymentPostprocessing = 0;
		};
/* End PBXResourcesBuildPhase section */

/* Begin PBXSourcesBuildPhase section */
		C174C96D1B82182B00694C9B /* Sources */ = {
			isa = PBXSourcesBuildPhase;
			buildActionMask = 2147483647;
			files = (
				C174C97D1B82182B00694C9B /* ViewController.m in Sources */,
				C174C97A1B82182B00694C9B /* AppDelegate.m in Sources */,
				C174C9771B82182B00694C9B /* main.m in Sources */,
			);
			runOnlyForDeploymentPostprocessing = 0;
		};
		C174C9861B82182C00694C9B /* Sources */ = {
			isa = PBXSourcesBuildPhase;
			buildActionMask = 2147483647;
			files = (
				C174C9911B82182C00694C9B /* LandlordToolsTests.m in Sources */,
			);
			runOnlyForDeploymentPostprocessing = 0;
		};
/* End PBXSourcesBuildPhase section */

/* Begin PBXTargetDependency section */
		C174C98C1B82182C00694C9B /* PBXTargetDependency */ = {
			isa = PBXTargetDependency;
			target = C174C9701B82182B00694C9B /* LandlordTools */;
			targetProxy = C174C98B1B82182C00694C9B /* PBXContainerItemProxy */;
		};
/* End PBXTargetDependency section */

/* Begin PBXVariantGroup section */
		C174C97E1B82182B00694C9B /* Main.storyboard */ = {
			isa = PBXVariantGroup;
			children = (
				C174C97F1B82182B00694C9B /* Base */,
			);
			name = Main.storyboard;
			sourceTree = "<group>";
		};
		C174C9831B82182B00694C9B /* LaunchScreen.xib */ = {
			isa = PBXVariantGroup;
			children = (
				C174C9841B82182B00694C9B /* Base */,
			);
			name = LaunchScreen.xib;
			sourceTree = "<group>";
		};
/* End PBXVariantGroup section */

/* Begin XCBuildConfiguration section */
		C174C9921B82182C00694C9B /* Debug */ = {
			isa = XCBuildConfiguration;
			buildSettings = {
				ALWAYS_SEARCH_USER_PATHS = NO;
				CLANG_CXX_LANGUAGE_STANDARD = "gnu++0x";
				CLANG_CXX_LIBRARY = "libc++";
				CLANG_ENABLE_MODULES = YES;
				CLANG_ENABLE_OBJC_ARC = YES;
				CLANG_WARN_BOOL_CONVERSION = YES;
				CLANG_WARN_CONSTANT_CONVERSION = YES;
				CLANG_WARN_DIRECT_OBJC_ISA_USAGE = YES_ERROR;
				CLANG_WARN_EMPTY_BODY = YES;
				CLANG_WARN_ENUM_CONVERSION = YES;
				CLANG_WARN_INT_CONVERSION = YES;
				CLANG_WARN_OBJC_ROOT_CLASS = YES_ERROR;
				CLANG_WARN_UNREACHABLE_CODE = YES;
				CLANG_WARN__DUPLICATE_METHOD_MATCH = YES;
				"CODE_SIGN_IDENTITY[sdk=iphoneos*]" = "iPhone Developer";
				COPY_PHASE_STRIP = NO;
				DEBUG_INFORMATION_FORMAT = "dwarf-with-dsym";
				ENABLE_STRICT_OBJC_MSGSEND = YES;
				GCC_C_LANGUAGE_STANDARD = gnu99;
				GCC_DYNAMIC_NO_PIC = NO;
				GCC_NO_COMMON_BLOCKS = YES;
				GCC_OPTIMIZATION_LEVEL = 0;
				GCC_PREPROCESSOR_DEFINITIONS = (
					"DEBUG=1",
					"$(inherited)",
				);
				GCC_SYMBOLS_PRIVATE_EXTERN = NO;
				GCC_WARN_64_TO_32_BIT_CONVERSION = YES;
				GCC_WARN_ABOUT_RETURN_TYPE = YES_ERROR;
				GCC_WARN_UNDECLARED_SELECTOR = YES;
				GCC_WARN_UNINITIALIZED_AUTOS = YES_AGGRESSIVE;
				GCC_WARN_UNUSED_FUNCTION = YES;
				GCC_WARN_UNUSED_VARIABLE = YES;
				IPHONEOS_DEPLOYMENT_TARGET = 8.4;
				MTL_ENABLE_DEBUG_INFO = YES;
				ONLY_ACTIVE_ARCH = YES;
				SDKROOT = iphoneos;
			};
			name = Debug;
		};
		C174C9931B82182C00694C9B /* Release */ = {
			isa = XCBuildConfiguration;
			buildSettings = {
				ALWAYS_SEARCH_USER_PATHS = NO;
				CLANG_CXX_LANGUAGE_STANDARD = "gnu++0x";
				CLANG_CXX_LIBRARY = "libc++";
				CLANG_ENABLE_MODULES = YES;
				CLANG_ENABLE_OBJC_ARC = YES;
				CLANG_WARN_BOOL_CONVERSION = YES;
				CLANG_WARN_CONSTANT_CONVERSION = YES;
				CLANG_WARN_DIRECT_OBJC_ISA_USAGE = YES_ERROR;
				CLANG_WARN_EMPTY_BODY = YES;
				CLANG_WARN_ENUM_CONVERSION = YES;
				CLANG_WARN_INT_CONVERSION = YES;
				CLANG_WARN_OBJC_ROOT_CLASS = YES_ERROR;
				CLANG_WARN_UNREACHABLE_CODE = YES;
				CLANG_WARN__DUPLICATE_METHOD_MATCH = YES;
				"CODE_SIGN_IDENTITY[sdk=iphoneos*]" = "iPhone Developer";
				COPY_PHASE_STRIP = NO;
				DEBUG_INFORMATION_FORMAT = "dwarf-with-dsym";
				ENABLE_NS_ASSERTIONS = NO;
				ENABLE_STRICT_OBJC_MSGSEND = YES;
				GCC_C_LANGUAGE_STANDARD = gnu99;
				GCC_NO_COMMON_BLOCKS = YES;
				GCC_WARN_64_TO_32_BIT_CONVERSION = YES;
				GCC_WARN_ABOUT_RETURN_TYPE = YES_ERROR;
				GCC_WARN_UNDECLARED_SELECTOR = YES;
				GCC_WARN_UNINITIALIZED_AUTOS = YES_AGGRESSIVE;
				GCC_WARN_UNUSED_FUNCTION = YES;
				GCC_WARN_UNUSED_VARIABLE = YES;
				IPHONEOS_DEPLOYMENT_TARGET = 8.4;
				MTL_ENABLE_DEBUG_INFO = NO;
				SDKROOT = iphoneos;
				VALIDATE_PRODUCT = YES;
			};
			name = Release;
		};
		C174C9951B82182C00694C9B /* Debug */ = {
			isa = XCBuildConfiguration;
			buildSettings = {
				ASSETCATALOG_COMPILER_APPICON_NAME = AppIcon;
				INFOPLIST_FILE = LandlordTools/Info.plist;
				LD_RUNPATH_SEARCH_PATHS = "$(inherited) @executable_path/Frameworks";
				PRODUCT_NAME = "$(TARGET_NAME)";
			};
			name = Debug;
		};
		C174C9961B82182C00694C9B /* Release */ = {
			isa = XCBuildConfiguration;
			buildSettings = {
				ASSETCATALOG_COMPILER_APPICON_NAME = AppIcon;
				INFOPLIST_FILE = LandlordTools/Info.plist;
				LD_RUNPATH_SEARCH_PATHS = "$(inherited) @executable_path/Frameworks";
				PRODUCT_NAME = "$(TARGET_NAME)";
			};
			name = Release;
		};
		C174C9981B82182C00694C9B /* Debug */ = {
			isa = XCBuildConfiguration;
			buildSettings = {
				BUNDLE_LOADER = "$(TEST_HOST)";
				FRAMEWORK_SEARCH_PATHS = (
					"$(SDKROOT)/Developer/Library/Frameworks",
					"$(inherited)",
				);
				GCC_PREPROCESSOR_DEFINITIONS = (
					"DEBUG=1",
					"$(inherited)",
				);
				INFOPLIST_FILE = LandlordToolsTests/Info.plist;
				LD_RUNPATH_SEARCH_PATHS = "$(inherited) @executable_path/Frameworks @loader_path/Frameworks";
				PRODUCT_NAME = "$(TARGET_NAME)";
				TEST_HOST = "$(BUILT_PRODUCTS_DIR)/LandlordTools.app/LandlordTools";
			};
			name = Debug;
		};
		C174C9991B82182C00694C9B /* Release */ = {
			isa = XCBuildConfiguration;
			buildSettings = {
				BUNDLE_LOADER = "$(TEST_HOST)";
				FRAMEWORK_SEARCH_PATHS = (
					"$(SDKROOT)/Developer/Library/Frameworks",
					"$(inherited)",
				);
				INFOPLIST_FILE = LandlordToolsTests/Info.plist;
				LD_RUNPATH_SEARCH_PATHS = "$(inherited) @executable_path/Frameworks @loader_path/Frameworks";
				PRODUCT_NAME = "$(TARGET_NAME)";
				TEST_HOST = "$(BUILT_PRODUCTS_DIR)/LandlordTools.app/LandlordTools";
			};
			name = Release;
		};
/* End XCBuildConfiguration section */

/* Begin XCConfigurationList section */
		C174C96C1B82182B00694C9B /* Build configuration list for PBXProject "LandlordTools" */ = {
			isa = XCConfigurationList;
			buildConfigurations = (
				C174C9921B82182C00694C9B /* Debug */,
				C174C9931B82182C00694C9B /* Release */,
			);
			defaultConfigurationIsVisible = 0;
			defaultConfigurationName = Release;
		};
		C174C9941B82182C00694C9B /* Build configuration list for PBXNativeTarget "LandlordTools" */ = {
			isa = XCConfigurationList;
			buildConfigurations = (
				C174C9951B82182C00694C9B /* Debug */,
				C174C9961B82182C00694C9B /* Release */,
			);
			defaultConfigurationIsVisible = 0;
		};
		C174C9971B82182C00694C9B /* Build configuration list for PBXNativeTarget "LandlordToolsTests" */ = {
			isa = XCConfigurationList;
			buildConfigurations = (
				C174C9981B82182C00694C9B /* Debug */,
				C174C9991B82182C00694C9B /* Release */,
			);
			defaultConfigurationIsVisible = 0;
		};
/* End XCConfigurationList section */
	};
	rootObject = C174C9691B82182B00694C9B /* Project object */;
}
